
Microsoft Visual Studio Solution File, Format Version 12.00
# Visual Studio Version 16
VisualStudioVersion = 16.0.31019.35
MinimumVisualStudioVersion = 10.0.40219.1
Project("{FAE04EC0-301F-11D3-BF4B-00C04F79EFBC}") = "BiblioAlumno", "BiblioAlumno\BiblioAlumno.csproj", "{277BD6F7-91B8-4192-B393-1DB5AC23012C}"
EndProject
Global
	GlobalSection(SolutionConfigurationPlatforms) = preSolution
		Debug|Any CPU = Debug|Any CPU
		Release|Any CPU = Release|Any CPU
	EndGlobalSection
	GlobalSection(ProjectConfigurationPlatforms) = postSolution
		{277BD6F7-91B8-4192-B393-1DB5AC23012C}.Debug|Any CPU.ActiveCfg = Debug|Any CPU
		{277BD6F7-91B8-4192-B393-1DB5AC23012C}.Debug|Any CPU.Build.0 = Debug|Any CPU
		{277BD6F7-91B8-4192-B393-1DB5AC23012C}.Release|Any CPU.ActiveCfg = Release|Any CPU
		{277BD6F7-91B8-4192-B393-1DB5AC23012C}.Release|Any CPU.Build.0 = Release|Any CPU
	EndGlobalSection
	GlobalSection(SolutionProperties) = preSolution
		HideSolutionNode = FALSE
	EndGlobalSection
	GlobalSection(ExtensibilityGlobals) = postSolution
		SolutionGuid = {48129C92-074C-4CBA-A639-E2F5E7DD3968}
	EndGlobalSection
EndGlobal
